lockfileVersion: '9.0'

settings:
  autoInstallPeers: true
  excludeLinksFromLockfile: false

importers:

  .:
    dependencies:
      playwright-core:
        specifier: ^1.49.0
        version: 1.62.1
    devDependencies:
      '@deepseek-ai/cordis':
        specifier: link:../deepseek-harness/vendor/cordis
        version: link:../deepseek-harness/vendor/cordis
      '@deepseek-ai/dsh-agent':
        specifier: link:../deepseek-harness/packages/core/agent
        version: link:../deepseek-harness/packages/core/agent
      '@deepseek-ai/dsh-llm':
        specifier: link:../deepseek-harness/packages/llm/llm
        version: link:../deepseek-harness/packages/llm/llm
      '@deepseek-ai/dsh-session':
        specifier: link:../deepseek-harness/packages/core/session
        version: link:../deepseek-harness/packages/core/session
      '@deepseek-ai/dsh-settings':
        specifier: link:../deepseek-harness/packages/settings/settings
        version: link:../deepseek-harness/packages/settings/settings
      '@deepseek-ai/dsh-tools':
        specifier: link:../deepseek-harness/packages/core/tools
        version: link:../deepseek-harness/packages/core/tools
      '@deepseek-ai/schemastery':
        specifier: link:../deepseek-harness/vendor/schemastery
        version: link:../deepseek-harness/vendor/schemastery
      '@types/node':
        specifier: ^24.0.0
        version: 24.13.3
      typescript:
        specifier: link:../deepseek-harness/node_modules/typescript
        version: link:../deepseek-harness/node_modules/typescript

packages:

  '@types/node@24.13.3':
    resolution: {integrity: sha512-Dh8vAsV36ig5wa9OX4pXvMc9D3Veibfw2wix0CUwYODLD8nkj9UsLjASr49nPg+2eKzxhBV+v7L8pXvT4e639Q==}

  playwright-core@1.62.1:
    resolution: {integrity: sha512-wPYSwEBJY9GHraISXqyqtx0na0LpO3XEX7jNDhntbex7tzUS7kLnZsOlFruFJB4Hi/rhDMjXGqHewDZ68nYZVw==}
    engines: {node: '>=20'}
    hasBin: true

  undici-types@7.18.2:
    resolution: {integrity: sha512-AsuCzffGHJybSaRrmr5eHr81mwJU3kjw6M+uprWvCXiNeN9SOGwQ3Jn8jb8m3Z6izVgknn1R0FTCEAP2QrLY/w==}

snapshots:

  '@types/node@24.13.3':
    dependencies:
      undici-types: 7.18.2

  playwright-core@1.62.1: {}

  undici-types@7.18.2: {}
